
Microsoft Visual Studio Solution File, Format Version 12.00
# Visual Studio Version 16
VisualStudioVersion = 16.0.30717.126
MinimumVisualStudioVersion = 10.0.40219.1
Project("{FAE04EC0-301F-11D3-BF4B-00C04F79EFBC}") = "Grup34_CalculatorTest", "Grup34_CalculatorTest\Grup34_CalculatorTest.csproj", "{0B367EAC-6150-47D1-A204-CE5C9CB0F1F1}"
EndProject
Global
	GlobalSection(SolutionConfigurationPlatforms) = preSolution
		Debug|Any CPU = Debug|Any CPU
		Release|Any CPU = Release|Any CPU
	EndGlobalSection
	GlobalSection(ProjectConfigurationPlatforms) = postSolution
		{0B367EAC-6150-47D1-A204-CE5C9CB0F1F1}.Debug|Any CPU.ActiveCfg = Debug|Any CPU
		{0B367EAC-6150-47D1-A204-CE5C9CB0F1F1}.Debug|Any CPU.Build.0 = Debug|Any CPU
		{0B367EAC-6150-47D1-A204-CE5C9CB0F1F1}.Release|Any CPU.ActiveCfg = Release|Any CPU
		{0B367EAC-6150-47D1-A204-CE5C9CB0F1F1}.Release|Any CPU.Build.0 = Release|Any CPU
	EndGlobalSection
	GlobalSection(SolutionProperties) = preSolution
		HideSolutionNode = FALSE
	EndGlobalSection
	GlobalSection(ExtensibilityGlobals) = postSolution
		SolutionGuid = {E1EA8CDB-7934-450B-85C7-C3D8B357CC01}
	EndGlobalSection
EndGlobal
